
Microsoft Visual Studio Solution File, Format Version 12.00
# Visual Studio Version 17
VisualStudioVersion = 17.5.002.0
MinimumVisualStudioVersion = 10.0.40219.1
Project("{9A19103F-16F7-4668-BE54-9A1E7A4F7556}") = "grpc-tuts", "grpc-tuts.csproj", "{7E396E57-63B6-4A7F-AB33-2C63799212CF}"
EndProject
Global
	GlobalSection(SolutionConfigurationPlatforms) = preSolution
		Debug|Any CPU = Debug|Any CPU
		Release|Any CPU = Release|Any CPU
	EndGlobalSection
	GlobalSection(ProjectConfigurationPlatforms) = postSolution
		{7E396E57-63B6-4A7F-AB33-2C63799212CF}.Debug|Any CPU.ActiveCfg = Debug|Any CPU
		{7E396E57-63B6-4A7F-AB33-2C63799212CF}.Debug|Any CPU.Build.0 = Debug|Any CPU
		{7E396E57-63B6-4A7F-AB33-2C63799212CF}.Release|Any CPU.ActiveCfg = Release|Any CPU
		{7E396E57-63B6-4A7F-AB33-2C63799212CF}.Release|Any CPU.Build.0 = Release|Any CPU
	EndGlobalSection
	GlobalSection(SolutionProperties) = preSolution
		HideSolutionNode = FALSE
	EndGlobalSection
	GlobalSection(ExtensibilityGlobals) = postSolution
		SolutionGuid = {27C941B6-6315-4D01-878E-FF12B907571E}
	EndGlobalSection
EndGlobal
